
Microsoft Visual Studio Solution File, Format Version 12.00
# Visual Studio Version 17
VisualStudioVersion = 17.7.34221.43
MinimumVisualStudioVersion = 10.0.40219.1
Project("{9A19103F-16F7-4668-BE54-9A1E7A4F7556}") = "DataProcessorApp", "DataProcessorApp\DataProcessorApp.csproj", "{4497F0C6-C6B7-402F-81B0-03BFC1808067}"
EndProject
Project("{FAE04EC0-301F-11D3-BF4B-00C04F79EFBC}") = "DataProcessorApp.Tests", "DataProcessorApp.Tests\DataProcessorApp.Tests.csproj", "{601E1A3A-F584-4A2B-8211-4DC544DC6FC1}"
EndProject
Global
	GlobalSection(SolutionConfigurationPlatforms) = preSolution
		Debug|Any CPU = Debug|Any CPU
		Release|Any CPU = Release|Any CPU
	EndGlobalSection
	GlobalSection(ProjectConfigurationPlatforms) = postSolution
		{4497F0C6-C6B7-402F-81B0-03BFC1808067}.Debug|Any CPU.ActiveCfg = Debug|Any CPU
		{4497F0C6-C6B7-402F-81B0-03BFC1808067}.Debug|Any CPU.Build.0 = Debug|Any CPU
		{4497F0C6-C6B7-402F-81B0-03BFC1808067}.Release|Any CPU.ActiveCfg = Release|Any CPU
		{4497F0C6-C6B7-402F-81B0-03BFC1808067}.Release|Any CPU.Build.0 = Release|Any CPU
		{601E1A3A-F584-4A2B-8211-4DC544DC6FC1}.Debug|Any CPU.ActiveCfg = Debug|Any CPU
		{601E1A3A-F584-4A2B-8211-4DC544DC6FC1}.Debug|Any CPU.Build.0 = Debug|Any CPU
		{601E1A3A-F584-4A2B-8211-4DC544DC6FC1}.Release|Any CPU.ActiveCfg = Release|Any CPU
		{601E1A3A-F584-4A2B-8211-4DC544DC6FC1}.Release|Any CPU.Build.0 = Release|Any CPU
	EndGlobalSection
	GlobalSection(SolutionProperties) = preSolution
		HideSolutionNode = FALSE
	EndGlobalSection
	GlobalSection(ExtensibilityGlobals) = postSolution
		SolutionGuid = {5794CC47-9347-4339-980F-63C1AD0DC04A}
	EndGlobalSection
EndGlobal
